
Microsoft Visual Studio Solution File, Format Version 12.00
# Visual Studio Version 17
VisualStudioVersion = 17.1.32414.318
MinimumVisualStudioVersion = 10.0.40219.1
Project("{FAE04EC0-301F-11D3-BF4B-00C04F79EFBC}") = "NorthwindDapperAPI", "NorthwindDapperAPI\NorthwindDapperAPI.csproj", "{784E86B5-2ACB-47DC-BCF6-0BF4661EEE81}"
EndProject
Global
	GlobalSection(SolutionConfigurationPlatforms) = preSolution
		Debug|Any CPU = Debug|Any CPU
		Release|Any CPU = Release|Any CPU
	EndGlobalSection
	GlobalSection(ProjectConfigurationPlatforms) = postSolution
		{784E86B5-2ACB-47DC-BCF6-0BF4661EEE81}.Debug|Any CPU.ActiveCfg = Debug|Any CPU
		{784E86B5-2ACB-47DC-BCF6-0BF4661EEE81}.Debug|Any CPU.Build.0 = Debug|Any CPU
		{784E86B5-2ACB-47DC-BCF6-0BF4661EEE81}.Release|Any CPU.ActiveCfg = Release|Any CPU
		{784E86B5-2ACB-47DC-BCF6-0BF4661EEE81}.Release|Any CPU.Build.0 = Release|Any CPU
	EndGlobalSection
	GlobalSection(SolutionProperties) = preSolution
		HideSolutionNode = FALSE
	EndGlobalSection
	GlobalSection(ExtensibilityGlobals) = postSolution
		SolutionGuid = {11760BCB-764B-44D5-A629-0D5C1516EA3B}
	EndGlobalSection
EndGlobal
